
Microsoft Visual Studio Solution File, Format Version 11.00
# Visual Studio 2010
Project("{8BC9CEB8-8B4A-11D0-8D11-00A0C91BC942}") = "SetVolume", "SetVolume.vcxproj", "{AFF5547B-F241-4B4A-A877-0B4FE9E406C1}"
EndProject
Global
	GlobalSection(SolutionConfigurationPlatforms) = preSolution
		Debug|Win32 = Debug|Win32
		Release|Win32 = Release|Win32
	EndGlobalSection
	GlobalSection(ProjectConfigurationPlatforms) = postSolution
		{AFF5547B-F241-4B4A-A877-0B4FE9E406C1}.Debug|Win32.ActiveCfg = Debug|Win32
		{AFF5547B-F241-4B4A-A877-0B4FE9E406C1}.Debug|Win32.Build.0 = Debug|Win32
		{AFF5547B-F241-4B4A-A877-0B4FE9E406C1}.Release|Win32.ActiveCfg = Release|Win32
		{AFF5547B-F241-4B4A-A877-0B4FE9E406C1}.Release|Win32.Build.0 = Release|Win32
	EndGlobalSection
	GlobalSection(SolutionProperties) = preSolution
		HideSolutionNode = FALSE
	EndGlobalSection
EndGlobal
